version = 1
revision = 2
requires-python = ">=3.12"

[[package]]
name = "appeldryck"
version = "0.5.0"
source = { editable = "." }
dependencies = [
    { name = "overlay" },
]

[package.metadata]
requires-dist = [{ name = "overlay", git = "https://github.com/jleen/python-overlay-class" }]

[[package]]
name = "overlay"
version = "0.1.0"
source = { git = "https://github.com/jleen/python-overlay-class#af351b023b8a10e97d8f8184bed924fcdd116283" }
